code.cloudfoundry.org/lager v1.1.0 h1:v0RELJ2jqTeF2DW7PNjZaaGlrXbVxJBVz3uLxdP3fuY=
code.cloudfoundry.org/lager v2.0.0+incompatible h1:WZwDKDB2PLd/oL+USK4b4aEjUymIej9My2nUQ9oWEwQ=
code.cloudfoundry.org/lager v2.0.0+incompatible/go.mod h1:O2sS7gKP3HM2iemG+EnwvyNQK7pTSC6Foi4QiMp9sSk=
github.com/golang/example v0.0.0-20170904185048-46695d81d1fa h1:iqCQC2Z53KkwGgTN9szyL4q0OQHmuNjeoNnMT6lk66k=
github.com/golang/example v0.0.0-20170904185048-46695d81d1fa/go.mod h1:tO/5UvQ/uKigUjQBPqzstj6uxd3fUIjddi19DxGJeWg=
